
Microsoft Visual Studio Solution File, Format Version 12.00
# Visual Studio Version 16
VisualStudioVersion = 16.0.30907.101
MinimumVisualStudioVersion = 10.0.40219.1
Project("{9A19103F-16F7-4668-BE54-9A1E7A4F7556}") = "WT.Ecommerce.Domain", "..\Models\WT.Ecommerce.Domain\WT.Ecommerce.Domain.csproj", "{B7AFEF3A-7288-4CEB-A122-59C62169585D}"
EndProject
Project("{9A19103F-16F7-4668-BE54-9A1E7A4F7556}") = "WT.Ecommerce.Services", "WT.Ecommerce.Services\WT.Ecommerce.Services.csproj", "{20950021-474C-426F-9618-4ED72602EDFE}"
EndProject
Project("{00D1A9C2-B5F0-4AF3-8072-F6C62B433612}") = "WT.Ecommerce.Database", "WT.Ecommerce.Database\WT.Ecommerce.Database.sqlproj", "{BD31DE85-1A2C-4A08-A2B6-C2CF22D54CF1}"
EndProject
Project("{9A19103F-16F7-4668-BE54-9A1E7A4F7556}") = "WT.Ecommerce.Data", "WT.Ecommerce.Data\WT.Ecommerce.Data.csproj", "{7041E61F-089D-4838-9980-3CE54ACA81E8}"
EndProject
Project("{9A19103F-16F7-4668-BE54-9A1E7A4F7556}") = "WT.Ecommerce", "WT.Ecommerce\WT.Ecommerce.csproj", "{108B380E-D44E-41F5-95F7-E6AC07F77210}"
EndProject
Global
	GlobalSection(SolutionConfigurationPlatforms) = preSolution
		Debug|Any CPU = Debug|Any CPU
		Release|Any CPU = Release|Any CPU
	EndGlobalSection
	GlobalSection(ProjectConfigurationPlatforms) = postSolution
		{B7AFEF3A-7288-4CEB-A122-59C62169585D}.Debug|Any CPU.ActiveCfg = Debug|Any CPU
		{B7AFEF3A-7288-4CEB-A122-59C62169585D}.Debug|Any CPU.Build.0 = Debug|Any CPU
		{B7AFEF3A-7288-4CEB-A122-59C62169585D}.Release|Any CPU.ActiveCfg = Release|Any CPU
		{B7AFEF3A-7288-4CEB-A122-59C62169585D}.Release|Any CPU.Build.0 = Release|Any CPU
		{20950021-474C-426F-9618-4ED72602EDFE}.Debug|Any CPU.ActiveCfg = Debug|Any CPU
		{20950021-474C-426F-9618-4ED72602EDFE}.Debug|Any CPU.Build.0 = Debug|Any CPU
		{20950021-474C-426F-9618-4ED72602EDFE}.Release|Any CPU.ActiveCfg = Release|Any CPU
		{20950021-474C-426F-9618-4ED72602EDFE}.Release|Any CPU.Build.0 = Release|Any CPU
		{BD31DE85-1A2C-4A08-A2B6-C2CF22D54CF1}.Debug|Any CPU.ActiveCfg = Debug|Any CPU
		{BD31DE85-1A2C-4A08-A2B6-C2CF22D54CF1}.Debug|Any CPU.Build.0 = Debug|Any CPU
		{BD31DE85-1A2C-4A08-A2B6-C2CF22D54CF1}.Debug|Any CPU.Deploy.0 = Debug|Any CPU
		{BD31DE85-1A2C-4A08-A2B6-C2CF22D54CF1}.Release|Any CPU.ActiveCfg = Release|Any CPU
		{BD31DE85-1A2C-4A08-A2B6-C2CF22D54CF1}.Release|Any CPU.Build.0 = Release|Any CPU
		{BD31DE85-1A2C-4A08-A2B6-C2CF22D54CF1}.Release|Any CPU.Deploy.0 = Release|Any CPU
		{7041E61F-089D-4838-9980-3CE54ACA81E8}.Debug|Any CPU.ActiveCfg = Debug|Any CPU
		{7041E61F-089D-4838-9980-3CE54ACA81E8}.Debug|Any CPU.Build.0 = Debug|Any CPU
		{7041E61F-089D-4838-9980-3CE54ACA81E8}.Release|Any CPU.ActiveCfg = Release|Any CPU
		{7041E61F-089D-4838-9980-3CE54ACA81E8}.Release|Any CPU.Build.0 = Release|Any CPU
		{108B380E-D44E-41F5-95F7-E6AC07F77210}.Debug|Any CPU.ActiveCfg = Debug|Any CPU
		{108B380E-D44E-41F5-95F7-E6AC07F77210}.Debug|Any CPU.Build.0 = Debug|Any CPU
		{108B380E-D44E-41F5-95F7-E6AC07F77210}.Release|Any CPU.ActiveCfg = Release|Any CPU
		{108B380E-D44E-41F5-95F7-E6AC07F77210}.Release|Any CPU.Build.0 = Release|Any CPU
	EndGlobalSection
	GlobalSection(SolutionProperties) = preSolution
		HideSolutionNode = FALSE
	EndGlobalSection
	GlobalSection(ExtensibilityGlobals) = postSolution
		SolutionGuid = {9B579F49-DDF7-4B3E-8EB0-CA66D2130BD7}
	EndGlobalSection
EndGlobal
